{
  "name": "github-scripts",
  "lockfileVersion": 2,
  "requires": true,
  "packages": {
    "": {
      "private": true,
      "dependencies": {
        "minimatch": "file:node_modules/minimatch"
      }
    },
    "node_modules/minimatch": {
      "version": "0.0.0-local",
      "resolved": "file:node_modules/minimatch"
    }
  }
}
