name: Dependabot Auto-Lock
# Automatically regenerate requirements.lock when dependabot updates any
# declared lock input file so the checked-in lock stays in sync.

on:
  pull_request:
    paths:
      - 'pyproject.toml'
      - 'requirements.txt'
      - 'tools/requirements-llm.txt'
    branches:
      - 'dependabot/**'

permissions:
  contents: write
  pull-requests: write

concurrency:
  group: ${{ github.workflow }}-${{ github.ref }}
  cancel-in-progress: true

jobs:
  regenerate-lock:
    name: Regenerate requirements.lock
    runs-on: ubuntu-latest
    if: github.actor == 'dependabot[bot]'

    steps:
      - uses: actions/checkout@v6
        with:
          ref: ${{ github.head_ref }}
          token: ${{ secrets.GITHUB_TOKEN }}

      - name: Set up Python
        uses: actions/setup-python@v6
        with:
          python-version: '3.14'

      - name: Install uv
        run: pip install uv

      - name: Build compile arguments
        id: compile_args
        run: |
          python - <<'PY'
          import shlex
          import tomllib
          from pathlib import Path

          pyproject_path = Path("pyproject.toml")
          pyproject = tomllib.loads(pyproject_path.read_text(encoding="utf-8"))
          extras = sorted(pyproject.get("project", {}).get("optional-dependencies", {}))

          args = ["--python-version", "3.12", "pyproject.toml"]
          for extra in extras:
              args.extend(["--extra", extra])

          for candidate in ("requirements.txt", "tools/requirements-llm.txt"):
              if Path(candidate).is_file():
                  args.append(candidate)

          args.extend(["--universal", "--output-file"])

          github_output = Path(__import__("os").environ["GITHUB_OUTPUT"])
          with github_output.open("a", encoding="utf-8") as fh:
              fh.write(f"compile_args={shlex.join(args)}\n")
              fh.write(f"extras={','.join(extras)}\n")
          PY

      - name: Check if lock file needs update
        id: check
        run: |
          out=requirements.check
          log=compile.log
          compile_args="${{ steps.compile_args.outputs.compile_args }}"
          uv pip compile ${compile_args} "$out" 2>&1 | tee "$log" || {
            echo "❌ Compilation failed:"
            cat "$log"
            exit 1
          }

          if git diff --exit-code requirements.lock requirements.check > /dev/null 2>&1; then
            echo "needs_update=false" >> "$GITHUB_OUTPUT"
            echo "✓ Lock file is already up to date"
          else
            echo "needs_update=true" >> "$GITHUB_OUTPUT"
            echo "⚠ Lock file needs regeneration"
          fi

      - name: Regenerate lock file
        if: steps.check.outputs.needs_update == 'true'
        run: |
          compile_args="${{ steps.compile_args.outputs.compile_args }}"
          uv pip compile ${compile_args} requirements.lock
          echo "✓ Generated new lock file"

      - name: Commit updated lock file
        if: steps.check.outputs.needs_update == 'true'
        run: |
          git config user.name "github-actions[bot]"
          git config user.email "github-actions[bot]@users.noreply.github.com"
          git add requirements.lock
          git commit \
            -m "chore(deps): regenerate requirements.lock" \
            -m "Includes all optional dependencies"
          git push
          echo "✓ Committed and pushed updated lock file"
