name: Dependabot Auto-Lock
# Backstop that regenerates requirements.lock when a dependency bot updates a
# declared lock input file, so the checked-in lock stays in sync.
#
# Primary mechanism is now the fleet Renovate preset's pip-compile manager
# (renovate-presets/fleet.json), which regenerates the lock IN the same PR by
# re-running the command recorded in the lock header. This workflow is a
# Workflows-local backstop for when that in-PR regeneration is unavailable
# (e.g. Dependabot PRs, or a Renovate run that could not run uv). To avoid
# fighting Renovate it re-runs the SAME header command verbatim, producing
# byte-identical output. (Not synced to consumers; consumers rely on the preset.)

on:
  pull_request:
    paths:
      - 'pyproject.toml'
      - 'requirements.txt'
      - 'tools/requirements-llm.txt'
    branches:
      - 'dependabot/**'
      - 'renovate/**'

permissions:
  contents: write
  pull-requests: write

concurrency:
  group: ${{ github.workflow }}-${{ github.ref }}
  cancel-in-progress: true

jobs:
  regenerate-lock:
    name: Regenerate requirements.lock
    runs-on: ubuntu-latest
    if: github.actor == 'dependabot[bot]' || github.actor == 'renovate[bot]'

    steps:
      - uses: actions/checkout@v6
        with:
          ref: ${{ github.head_ref }}
          token: ${{ secrets.GITHUB_TOKEN }}

      - name: Set up Python
        uses: actions/setup-python@v6
        with:
          python-version: '3.14'

      - name: Install uv
        run: pip install uv

      - name: Regenerate requirements.lock from its recorded header command
        id: check
        run: |
          set -euo pipefail
          if [ ! -f requirements.lock ]; then
            echo "needs_update=false" >> "$GITHUB_OUTPUT"
            echo "No requirements.lock present; nothing to regenerate."
            exit 0
          fi

          # Re-run the EXACT command recorded in the lock header. Renovate's
          # pip-compile manager regenerates the lock the same way (it reads this
          # header), so producing byte-identical output keeps this backstop from
          # fighting Renovate with flip-flop commits. The header carries only
          # flags/paths (including the --output-file / -o target), so the
          # unquoted word-splitting below is intentional.
          args=$(sed -n 's/^#[[:space:]]*uv pip compile[[:space:]]\{1,\}\(.*\)$/\1/p' requirements.lock | head -n1)
          if [ -z "${args}" ]; then
            echo "::error::Could not parse a 'uv pip compile' command from the requirements.lock header."
            exit 1
          fi
          echo "Recorded command: uv pip compile ${args}"

          # shellcheck disable=SC2086
          uv pip compile ${args} 2>&1 | tee compile.log || {
            echo "❌ Compilation failed:"
            cat compile.log
            exit 1
          }

          if git diff --exit-code requirements.lock > /dev/null 2>&1; then
            echo "needs_update=false" >> "$GITHUB_OUTPUT"
            echo "✓ Lock file is already up to date"
          else
            echo "needs_update=true" >> "$GITHUB_OUTPUT"
            echo "⚠ Lock file regenerated; committing the refreshed lock"
          fi

      - name: Commit updated lock file
        if: steps.check.outputs.needs_update == 'true'
        run: |
          git config user.name "github-actions[bot]"
          git config user.email "github-actions[bot]@users.noreply.github.com"
          git add requirements.lock
          git commit \
            -m "chore(deps): regenerate requirements.lock" \
            -m "Backstop regeneration via the command recorded in the lock header."
          git push
          echo "✓ Committed and pushed updated lock file"
